
Microsoft Visual Studio Solution File, Format Version 11.00
# Visual Studio 2010
Project("{8BC9CEB8-8B4A-11D0-8D11-00A0C91BC942}") = "Practice10", "Practice10.vcxproj", "{F19A61F4-38C4-470B-81C5-32943FC563E0}"
EndProject
Global
	GlobalSection(SolutionConfigurationPlatforms) = preSolution
		Debug|Win32 = Debug|Win32
		Release|Win32 = Release|Win32
	EndGlobalSection
	GlobalSection(ProjectConfigurationPlatforms) = postSolution
		{F19A61F4-38C4-470B-81C5-32943FC563E0}.Debug|Win32.ActiveCfg = Debug|Win32
		{F19A61F4-38C4-470B-81C5-32943FC563E0}.Debug|Win32.Build.0 = Debug|Win32
		{F19A61F4-38C4-470B-81C5-32943FC563E0}.Release|Win32.ActiveCfg = Release|Win32
		{F19A61F4-38C4-470B-81C5-32943FC563E0}.Release|Win32.Build.0 = Release|Win32
	EndGlobalSection
	GlobalSection(SolutionProperties) = preSolution
		HideSolutionNode = FALSE
	EndGlobalSection
EndGlobal
